
Microsoft Visual Studio Solution File, Format Version 12.00
# Visual Studio Version 17
VisualStudioVersion = 17.7.34202.233
MinimumVisualStudioVersion = 10.0.40219.1
Project("{9A19103F-16F7-4668-BE54-9A1E7A4F7556}") = "ZPIClient", "client\src\ZPIClient.csproj", "{7E1FCD52-5DF8-468A-B2A9-7DEF5E93474F}"
EndProject
Project("{9A19103F-16F7-4668-BE54-9A1E7A4F7556}") = "ZPIClientTests", "client\test\ZPIClientTests.csproj", "{3B4A6480-5FBC-42E7-842E-A4A88CB6D8AB}"
EndProject
Project("{2150E333-8FDC-42A3-9474-1A3956D46DE8}") = "Elementy rozwiązania", "Elementy rozwiązania", "{98DC5709-DFDE-435C-9F5D-E821AB548A1E}"
	ProjectSection(SolutionItems) = preProject
		.editorconfig = .editorconfig
		.gitignore = .gitignore
	EndProjectSection
EndProject
Global
	GlobalSection(SolutionConfigurationPlatforms) = preSolution
		Debug|Any CPU = Debug|Any CPU
		Release|Any CPU = Release|Any CPU
	EndGlobalSection
	GlobalSection(ProjectConfigurationPlatforms) = postSolution
		{7E1FCD52-5DF8-468A-B2A9-7DEF5E93474F}.Debug|Any CPU.ActiveCfg = Debug|Any CPU
		{7E1FCD52-5DF8-468A-B2A9-7DEF5E93474F}.Debug|Any CPU.Build.0 = Debug|Any CPU
		{7E1FCD52-5DF8-468A-B2A9-7DEF5E93474F}.Release|Any CPU.ActiveCfg = Release|Any CPU
		{7E1FCD52-5DF8-468A-B2A9-7DEF5E93474F}.Release|Any CPU.Build.0 = Release|Any CPU
		{3B4A6480-5FBC-42E7-842E-A4A88CB6D8AB}.Debug|Any CPU.ActiveCfg = Debug|Any CPU
		{3B4A6480-5FBC-42E7-842E-A4A88CB6D8AB}.Debug|Any CPU.Build.0 = Debug|Any CPU
		{3B4A6480-5FBC-42E7-842E-A4A88CB6D8AB}.Release|Any CPU.ActiveCfg = Release|Any CPU
		{3B4A6480-5FBC-42E7-842E-A4A88CB6D8AB}.Release|Any CPU.Build.0 = Release|Any CPU
	EndGlobalSection
	GlobalSection(SolutionProperties) = preSolution
		HideSolutionNode = FALSE
	EndGlobalSection
	GlobalSection(ExtensibilityGlobals) = postSolution
		SolutionGuid = {1AF81C8A-DF64-4EBD-BAD4-7DECBB7C2FFD}
	EndGlobalSection
EndGlobal
